<?xml version="1.0" encoding="UTF-8"?>
<!DOCTYPE plist PUBLIC "-//Apple//DTD PLIST 1.0//EN" "http://www.apple.com/DTDs/PropertyList-1.0.dtd">
<plist version="1.0">
<dict>
	<key>archiveVersion</key>
	<string>1</string>
	<key>classes</key>
	<dict/>
	<key>objectVersion</key>
	<string>46</string>
	<key>objects</key>
	<dict>
		<key>0A03197933279ED15AFA96FD</key>
		<dict>
			<key>buildActionMask</key>
			<string>2147483647</string>
			<key>files</key>
			<array/>
			<key>inputPaths</key>
			<array/>
			<key>isa</key>
			<string>PBXShellScriptBuildPhase</string>
			<key>name</key>
			<string>Embed Pods Frameworks</string>
			<key>outputPaths</key>
			<array/>
			<key>runOnlyForDeploymentPostprocessing</key>
			<string>0</string>
			<key>shellPath</key>
			<string>/bin/sh</string>
			<key>shellScript</key>
			<string>"${SRCROOT}/Pods/Target Support Files/Pods-MeasureMe/Pods-MeasureMe-frameworks.sh"
</string>
			<key>showEnvVarsInLog</key>
			<string>0</string>
		</dict>
		<key>22BF2E1A3B2B63A98AABE1DA</key>
		<dict>
			<key>includeInIndex</key>
			<string>1</string>
			<key>isa</key>
			<string>PBXFileReference</string>
			<key>lastKnownFileType</key>
			<string>text.xcconfig</string>
			<key>name</key>
			<string>Pods-MeasureMe.debug.xcconfig</string>
			<key>path</key>
			<string>Pods/Target Support Files/Pods-MeasureMe/Pods-MeasureMe.debug.xcconfig</string>
			<key>sourceTree</key>
			<string>&lt;group&gt;</string>
		</dict>
		<key>712BDF81D0AD7D7F8D5A2530</key>
		<dict>
			<key>buildActionMask</key>
			<string>2147483647</string>
			<key>files</key>
			<array/>
			<key>inputPaths</key>
			<array/>
			<key>isa</key>
			<string>PBXShellScriptBuildPhase</string>
			<key>name</key>
			<string>Copy Pods Resources</string>
			<key>outputPaths</key>
			<array/>
			<key>runOnlyForDeploymentPostprocessing</key>
			<string>0</string>
			<key>shellPath</key>
			<string>/bin/sh</string>
			<key>shellScript</key>
			<string>"${SRCROOT}/Pods/Target Support Files/Pods-MeasureMe/Pods-MeasureMe-resources.sh"
</string>
			<key>showEnvVarsInLog</key>
			<string>0</string>
		</dict>
		<key>7710C5E61C44A6B400019A19</key>
		<dict>
			<key>children</key>
			<array/>
			<key>isa</key>
			<string>PBXGroup</string>
			<key>path</key>
			<string>Models</string>
			<key>sourceTree</key>
			<string>&lt;group&gt;</string>
		</dict>
		<key>7710C5E71C44A6BC00019A19</key>
		<dict>
			<key>children</key>
			<array>
				<string>771F87941C98A72F00BB268B</string>
				<string>771F87951C98A72F00BB268B</string>
				<string>771F878E1C98923300BB268B</string>
				<string>771F878F1C98923300BB268B</string>
				<string>771F87911C989E3200BB268B</string>
				<string>771F87921C989E3200BB268B</string>
			</array>
			<key>isa</key>
			<string>PBXGroup</string>
			<key>path</key>
			<string>Views</string>
			<key>sourceTree</key>
			<string>&lt;group&gt;</string>
		</dict>
		<key>7710C5E81C44A6CD00019A19</key>
		<dict>
			<key>children</key>
			<array>
				<string>7710C5F71C45A5DE00019A19</string>
				<string>7710C5F81C45A5DE00019A19</string>
				<string>7710C60B1C45F4F800019A19</string>
				<string>7710C60C1C45F4F800019A19</string>
				<string>7710C62A1C5042FE00019A19</string>
				<string>7710C62B1C5042FE00019A19</string>
			</array>
			<key>isa</key>
			<string>PBXGroup</string>
			<key>path</key>
			<string>Controllers</string>
			<key>sourceTree</key>
			<string>&lt;group&gt;</string>
		</dict>
		<key>7710C5F21C45A36200019A19</key>
		<dict>
			<key>fileEncoding</key>
			<string>4</string>
			<key>isa</key>
			<string>PBXFileReference</string>
			<key>lastKnownFileType</key>
			<string>text.json</string>
			<key>path</key>
			<string>app_configuration.json</string>
			<key>sourceTree</key>
			<string>&lt;group&gt;</string>
		</dict>
		<key>7710C5F31C45A36200019A19</key>
		<dict>
			<key>fileRef</key>
			<string>7710C5F21C45A36200019A19</string>
			<key>isa</key>
			<string>PBXBuildFile</string>
		</dict>
		<key>7710C5F41C45A3B500019A19</key>
		<dict>
			<key>fileEncoding</key>
			<string>4</string>
			<key>isa</key>
			<string>PBXFileReference</string>
			<key>lastKnownFileType</key>
			<string>sourcecode.c.h</string>
			<key>path</key>
			<string>AppConfiguration.h</string>
			<key>sourceTree</key>
			<string>&lt;group&gt;</string>
		</dict>
		<key>7710C5F51C45A3B500019A19</key>
		<dict>
			<key>fileEncoding</key>
			<string>4</string>
			<key>isa</key>
			<string>PBXFileReference</string>
			<key>lastKnownFileType</key>
			<string>sourcecode.c.objc</string>
			<key>path</key>
			<string>AppConfiguration.m</string>
			<key>sourceTree</key>
			<string>&lt;group&gt;</string>
		</dict>
		<key>7710C5F61C45A3B500019A19</key>
		<dict>
			<key>fileRef</key>
			<string>7710C5F51C45A3B500019A19</string>
			<key>isa</key>
			<string>PBXBuildFile</string>
		</dict>
		<key>7710C5F71C45A5DE00019A19</key>
		<dict>
			<key>fileEncoding</key>
			<string>4</string>
			<key>isa</key>
			<string>PBXFileReference</string>
			<key>lastKnownFileType</key>
			<string>sourcecode.c.h</string>
			<key>path</key>
			<string>MeasureViewController.h</string>
			<key>sourceTree</key>
			<string>&lt;group&gt;</string>
		</dict>
		<key>7710C5F81C45A5DE00019A19</key>
		<dict>
			<key>fileEncoding</key>
			<string>4</string>
			<key>isa</key>
			<string>PBXFileReference</string>
			<key>lastKnownFileType</key>
			<string>sourcecode.c.objc</string>
			<key>path</key>
			<string>MeasureViewController.m</string>
			<key>sourceTree</key>
			<string>&lt;group&gt;</string>
		</dict>
		<key>7710C5F91C45A5DE00019A19</key>
		<dict>
			<key>fileRef</key>
			<string>7710C5F81C45A5DE00019A19</string>
			<key>isa</key>
			<string>PBXBuildFile</string>
		</dict>
		<key>7710C5FD1C45B84D00019A19</key>
		<dict>
			<key>fileEncoding</key>
			<string>4</string>
			<key>isa</key>
			<string>PBXFileReference</string>
			<key>lastKnownFileType</key>
			<string>sourcecode.c.h</string>
			<key>path</key>
			<string>UIColor+MeasureMe.h</string>
			<key>sourceTree</key>
			<string>&lt;group&gt;</string>
		</dict>
		<key>7710C5FE1C45B84D00019A19</key>
		<dict>
			<key>fileEncoding</key>
			<string>4</string>
			<key>isa</key>
			<string>PBXFileReference</string>
			<key>lastKnownFileType</key>
			<string>sourcecode.c.objc</string>
			<key>path</key>
			<string>UIColor+MeasureMe.m</string>
			<key>sourceTree</key>
			<string>&lt;group&gt;</string>
		</dict>
		<key>7710C5FF1C45B84D00019A19</key>
		<dict>
			<key>fileRef</key>
			<string>7710C5FE1C45B84D00019A19</string>
			<key>isa</key>
			<string>PBXBuildFile</string>
		</dict>
		<key>7710C6001C45BAE500019A19</key>
		<dict>
			<key>fileEncoding</key>
			<string>4</string>
			<key>isa</key>
			<string>PBXFileReference</string>
			<key>lastKnownFileType</key>
			<string>sourcecode.c.h</string>
			<key>path</key>
			<string>UIFont+MeasureMe.h</string>
			<key>sourceTree</key>
			<string>&lt;group&gt;</string>
		</dict>
		<key>7710C6011C45BAE500019A19</key>
		<dict>
			<key>fileEncoding</key>
			<string>4</string>
			<key>isa</key>
			<string>PBXFileReference</string>
			<key>lastKnownFileType</key>
			<string>sourcecode.c.objc</string>
			<key>path</key>
			<string>UIFont+MeasureMe.m</string>
			<key>sourceTree</key>
			<string>&lt;group&gt;</string>
		</dict>
		<key>7710C6021C45BAE500019A19</key>
		<dict>
			<key>fileRef</key>
			<string>7710C6011C45BAE500019A19</string>
			<key>isa</key>
			<string>PBXBuildFile</string>
		</dict>
		<key>7710C6031C45EA2800019A19</key>
		<dict>
			<key>isa</key>
			<string>PBXFileReference</string>
			<key>lastKnownFileType</key>
			<string>sourcecode.c.h</string>
			<key>path</key>
			<string>MeasureMe-Prefix.pch</string>
			<key>sourceTree</key>
			<string>&lt;group&gt;</string>
		</dict>
		<key>7710C60A1C45F10F00019A19</key>
		<dict>
			<key>children</key>
			<array>
				<string>7710C6001C45BAE500019A19</string>
				<string>7710C6011C45BAE500019A19</string>
				<string>7710C5FD1C45B84D00019A19</string>
				<string>7710C5FE1C45B84D00019A19</string>
			</array>
			<key>isa</key>
			<string>PBXGroup</string>
			<key>path</key>
			<string>Categories</string>
			<key>sourceTree</key>
			<string>&lt;group&gt;</string>
		</dict>
		<key>7710C60B1C45F4F800019A19</key>
		<dict>
			<key>fileEncoding</key>
			<string>4</string>
			<key>isa</key>
			<string>PBXFileReference</string>
			<key>lastKnownFileType</key>
			<string>sourcecode.c.h</string>
			<key>path</key>
			<string>MeasureMeViewController.h</string>
			<key>sourceTree</key>
			<string>&lt;group&gt;</string>
		</dict>
		<key>7710C60C1C45F4F800019A19</key>
		<dict>
			<key>fileEncoding</key>
			<string>4</string>
			<key>isa</key>
			<string>PBXFileReference</string>
			<key>lastKnownFileType</key>
			<string>sourcecode.c.objc</string>
			<key>path</key>
			<string>MeasureMeViewController.m</string>
			<key>sourceTree</key>
			<string>&lt;group&gt;</string>
		</dict>
		<key>7710C60D1C45F4F800019A19</key>
		<dict>
			<key>fileRef</key>
			<string>7710C60C1C45F4F800019A19</string>
			<key>isa</key>
			<string>PBXBuildFile</string>
		</dict>
		<key>7710C6111C476D8200019A19</key>
		<dict>
			<key>children</key>
			<array>
				<string>7710C6121C476DB200019A19</string>
				<string>7710C6131C476DB200019A19</string>
				<string>7710C6141C476DB200019A19</string>
				<string>7710C6151C476DB200019A19</string>
			</array>
			<key>isa</key>
			<string>PBXGroup</string>
			<key>path</key>
			<string>Utilities</string>
			<key>sourceTree</key>
			<string>&lt;group&gt;</string>
		</dict>
		<key>7710C6121C476DB200019A19</key>
		<dict>
			<key>fileEncoding</key>
			<string>4</string>
			<key>isa</key>
			<string>PBXFileReference</string>
			<key>lastKnownFileType</key>
			<string>sourcecode.c.h</string>
			<key>path</key>
			<string>NetworkMeasurementsClient.h</string>
			<key>sourceTree</key>
			<string>&lt;group&gt;</string>
		</dict>
		<key>7710C6131C476DB200019A19</key>
		<dict>
			<key>fileEncoding</key>
			<string>4</string>
			<key>isa</key>
			<string>PBXFileReference</string>
			<key>lastKnownFileType</key>
			<string>sourcecode.c.objc</string>
			<key>path</key>
			<string>NetworkMeasurementsClient.m</string>
			<key>sourceTree</key>
			<string>&lt;group&gt;</string>
		</dict>
		<key>7710C6141C476DB200019A19</key>
		<dict>
			<key>fileEncoding</key>
			<string>4</string>
			<key>isa</key>
			<string>PBXFileReference</string>
			<key>lastKnownFileType</key>
			<string>sourcecode.c.h</string>
			<key>path</key>
			<string>NetworkManager.h</string>
			<key>sourceTree</key>
			<string>&lt;group&gt;</string>
		</dict>
		<key>7710C6151C476DB200019A19</key>
		<dict>
			<key>fileEncoding</key>
			<string>4</string>
			<key>isa</key>
			<string>PBXFileReference</string>
			<key>lastKnownFileType</key>
			<string>sourcecode.c.objc</string>
			<key>path</key>
			<string>NetworkManager.m</string>
			<key>sourceTree</key>
			<string>&lt;group&gt;</string>
		</dict>
		<key>7710C6161C476DB200019A19</key>
		<dict>
			<key>fileRef</key>
			<string>7710C6131C476DB200019A19</string>
			<key>isa</key>
			<string>PBXBuildFile</string>
		</dict>
		<key>7710C6171C476DB200019A19</key>
		<dict>
			<key>fileRef</key>
			<string>7710C6151C476DB200019A19</string>
			<key>isa</key>
			<string>PBXBuildFile</string>
		</dict>
		<key>7710C6181C476DEA00019A19</key>
		<dict>
			<key>fileEncoding</key>
			<string>4</string>
			<key>isa</key>
			<string>PBXFileReference</string>
			<key>lastKnownFileType</key>
			<string>sourcecode.c.h</string>
			<key>path</key>
			<string>ApplicationStyle.h</string>
			<key>sourceTree</key>
			<string>&lt;group&gt;</string>
		</dict>
		<key>7710C6191C476DEA00019A19</key>
		<dict>
			<key>fileEncoding</key>
			<string>4</string>
			<key>isa</key>
			<string>PBXFileReference</string>
			<key>lastKnownFileType</key>
			<string>sourcecode.c.objc</string>
			<key>path</key>
			<string>ApplicationStyle.m</string>
			<key>sourceTree</key>
			<string>&lt;group&gt;</string>
		</dict>
		<key>7710C61A1C476DEA00019A19</key>
		<dict>
			<key>fileRef</key>
			<string>7710C6191C476DEA00019A19</string>
			<key>isa</key>
			<string>PBXBuildFile</string>
		</dict>
		<key>7710C62A1C5042FE00019A19</key>
		<dict>
			<key>fileEncoding</key>
			<string>4</string>
			<key>isa</key>
			<string>PBXFileReference</string>
			<key>lastKnownFileType</key>
			<string>sourcecode.c.h</string>
			<key>path</key>
			<string>MeasureMeNavigationController.h</string>
			<key>sourceTree</key>
			<string>&lt;group&gt;</string>
		</dict>
		<key>7710C62B1C5042FE00019A19</key>
		<dict>
			<key>fileEncoding</key>
			<string>4</string>
			<key>isa</key>
			<string>PBXFileReference</string>
			<key>lastKnownFileType</key>
			<string>sourcecode.c.objc</string>
			<key>path</key>
			<string>MeasureMeNavigationController.m</string>
			<key>sourceTree</key>
			<string>&lt;group&gt;</string>
		</dict>
		<key>7710C62C1C5042FE00019A19</key>
		<dict>
			<key>fileRef</key>
			<string>7710C62B1C5042FE00019A19</string>
			<key>isa</key>
			<string>PBXBuildFile</string>
		</dict>
		<key>771F878E1C98923300BB268B</key>
		<dict>
			<key>fileEncoding</key>
			<string>4</string>
			<key>isa</key>
			<string>PBXFileReference</string>
			<key>lastKnownFileType</key>
			<string>sourcecode.c.h</string>
			<key>path</key>
			<string>MeasureCellView.h</string>
			<key>sourceTree</key>
			<string>&lt;group&gt;</string>
		</dict>
		<key>771F878F1C98923300BB268B</key>
		<dict>
			<key>fileEncoding</key>
			<string>4</string>
			<key>isa</key>
			<string>PBXFileReference</string>
			<key>lastKnownFileType</key>
			<string>sourcecode.c.objc</string>
			<key>path</key>
			<string>MeasureCellView.m</string>
			<key>sourceTree</key>
			<string>&lt;group&gt;</string>
		</dict>
		<key>771F87901C98923300BB268B</key>
		<dict>
			<key>fileRef</key>
			<string>771F878F1C98923300BB268B</string>
			<key>isa</key>
			<string>PBXBuildFile</string>
		</dict>
		<key>771F87911C989E3200BB268B</key>
		<dict>
			<key>fileEncoding</key>
			<string>4</string>
			<key>isa</key>
			<string>PBXFileReference</string>
			<key>lastKnownFileType</key>
			<string>sourcecode.c.h</string>
			<key>path</key>
			<string>LengthCellView.h</string>
			<key>sourceTree</key>
			<string>&lt;group&gt;</string>
		</dict>
		<key>771F87921C989E3200BB268B</key>
		<dict>
			<key>fileEncoding</key>
			<string>4</string>
			<key>isa</key>
			<string>PBXFileReference</string>
			<key>lastKnownFileType</key>
			<string>sourcecode.c.objc</string>
			<key>path</key>
			<string>LengthCellView.m</string>
			<key>sourceTree</key>
			<string>&lt;group&gt;</string>
		</dict>
		<key>771F87931C989E3200BB268B</key>
		<dict>
			<key>fileRef</key>
			<string>771F87921C989E3200BB268B</string>
			<key>isa</key>
			<string>PBXBuildFile</string>
		</dict>
		<key>771F87941C98A72F00BB268B</key>
		<dict>
			<key>fileEncoding</key>
			<string>4</string>
			<key>isa</key>
			<string>PBXFileReference</string>
			<key>lastKnownFileType</key>
			<string>sourcecode.c.h</string>
			<key>path</key>
			<string>TableSectionHeaderView.h</string>
			<key>sourceTree</key>
			<string>&lt;group&gt;</string>
		</dict>
		<key>771F87951C98A72F00BB268B</key>
		<dict>
			<key>fileEncoding</key>
			<string>4</string>
			<key>isa</key>
			<string>PBXFileReference</string>
			<key>lastKnownFileType</key>
			<string>sourcecode.c.objc</string>
			<key>path</key>
			<string>TableSectionHeaderView.m</string>
			<key>sourceTree</key>
			<string>&lt;group&gt;</string>
		</dict>
		<key>771F87961C98A72F00BB268B</key>
		<dict>
			<key>fileRef</key>
			<string>771F87951C98A72F00BB268B</string>
			<key>isa</key>
			<string>PBXBuildFile</string>
		</dict>
		<key>771F879D1C999E8D00BB268B</key>
		<dict>
			<key>fileEncoding</key>
			<string>4</string>
			<key>isa</key>
			<string>PBXFileReference</string>
			<key>lastKnownFileType</key>
			<string>file.storyboard</string>
			<key>path</key>
			<string>Launch Screen.storyboard</string>
			<key>sourceTree</key>
			<string>&lt;group&gt;</string>
		</dict>
		<key>771F879E1C999E8D00BB268B</key>
		<dict>
			<key>fileRef</key>
			<string>771F879D1C999E8D00BB268B</string>
			<key>isa</key>
			<string>PBXBuildFile</string>
		</dict>
		<key>774D7F8B1C44A44D00D12C92</key>
		<dict>
			<key>children</key>
			<array>
				<string>774D7FBF1C44A47900D12C92</string>
				<string>774D7F961C44A44D00D12C92</string>
				<string>774D7FB31C44A44D00D12C92</string>
				<string>774D7F951C44A44D00D12C92</string>
				<string>D4D8319E4DAC8820C4F79D15</string>
				<string>A4F1DDAB5E769354078C88D2</string>
			</array>
			<key>isa</key>
			<string>PBXGroup</string>
			<key>sourceTree</key>
			<string>&lt;group&gt;</string>
		</dict>
		<key>774D7F8C1C44A44D00D12C92</key>
		<dict>
			<key>attributes</key>
			<dict>
				<key>LastUpgradeCheck</key>
				<string>0720</string>
				<key>ORGANIZATIONNAME</key>
				<string>Navid Mia</string>
				<key>TargetAttributes</key>
				<dict>
					<key>774D7F931C44A44D00D12C92</key>
					<dict>
						<key>CreatedOnToolsVersion</key>
						<string>7.2</string>
						<key>DevelopmentTeam</key>
						<string>XC9DQV85PC</string>
					</dict>
					<key>774D7FAF1C44A44D00D12C92</key>
					<dict>
						<key>CreatedOnToolsVersion</key>
						<string>7.2</string>
						<key>TestTargetID</key>
						<string>774D7F931C44A44D00D12C92</string>
					</dict>
				</dict>
			</dict>
			<key>buildConfigurationList</key>
			<string>774D7F8F1C44A44D00D12C92</string>
			<key>compatibilityVersion</key>
			<string>Xcode 3.2</string>
			<key>developmentRegion</key>
			<string>English</string>
			<key>hasScannedForEncodings</key>
			<string>0</string>
			<key>isa</key>
			<string>PBXProject</string>
			<key>knownRegions</key>
			<array>
				<string>en</string>
				<string>Base</string>
			</array>
			<key>mainGroup</key>
			<string>774D7F8B1C44A44D00D12C92</string>
			<key>productRefGroup</key>
			<string>774D7F951C44A44D00D12C92</string>
			<key>projectDirPath</key>
			<string></string>
			<key>projectReferences</key>
			<array/>
			<key>projectRoot</key>
			<string></string>
			<key>targets</key>
			<array>
				<string>774D7F931C44A44D00D12C92</string>
				<string>774D7FAF1C44A44D00D12C92</string>
			</array>
		</dict>
		<key>774D7F8F1C44A44D00D12C92</key>
		<dict>
			<key>buildConfigurations</key>
			<array>
				<string>774D7FB71C44A44D00D12C92</string>
				<string>774D7FB81C44A44D00D12C92</string>
			</array>
			<key>defaultConfigurationIsVisible</key>
			<string>0</string>
			<key>defaultConfigurationName</key>
			<string>Release</string>
			<key>isa</key>
			<string>XCConfigurationList</string>
		</dict>
		<key>774D7F901C44A44D00D12C92</key>
		<dict>
			<key>buildActionMask</key>
			<string>2147483647</string>
			<key>files</key>
			<array>
				<string>771F87961C98A72F00BB268B</string>
				<string>7710C60D1C45F4F800019A19</string>
				<string>7710C5FF1C45B84D00019A19</string>
				<string>771F87901C98923300BB268B</string>
				<string>7710C6171C476DB200019A19</string>
				<string>7710C5F91C45A5DE00019A19</string>
				<string>7710C6161C476DB200019A19</string>
				<string>771F87931C989E3200BB268B</string>
				<string>774D7F9C1C44A44D00D12C92</string>
				<string>7710C5F61C45A3B500019A19</string>
				<string>7710C6021C45BAE500019A19</string>
				<string>7710C61A1C476DEA00019A19</string>
				<string>774D7F991C44A44D00D12C92</string>
				<string>7710C62C1C5042FE00019A19</string>
			</array>
			<key>isa</key>
			<string>PBXSourcesBuildPhase</string>
			<key>runOnlyForDeploymentPostprocessing</key>
			<string>0</string>
		</dict>
		<key>774D7F911C44A44D00D12C92</key>
		<dict>
			<key>buildActionMask</key>
			<string>2147483647</string>
			<key>files</key>
			<array>
				<string>88CF0371F192F7C2779EE844</string>
			</array>
			<key>isa</key>
			<string>PBXFrameworksBuildPhase</string>
			<key>runOnlyForDeploymentPostprocessing</key>
			<string>0</string>
		</dict>
		<key>774D7F921C44A44D00D12C92</key>
		<dict>
			<key>buildActionMask</key>
			<string>2147483647</string>
			<key>files</key>
			<array>
				<string>774D7FA71C44A44D00D12C92</string>
				<string>774D7FC01C44A47900D12C92</string>
				<string>7710C5F31C45A36200019A19</string>
				<string>771F879E1C999E8D00BB268B</string>
				<string>774D7FA51C44A44D00D12C92</string>
			</array>
			<key>isa</key>
			<string>PBXResourcesBuildPhase</string>
			<key>runOnlyForDeploymentPostprocessing</key>
			<string>0</string>
		</dict>
		<key>774D7F931C44A44D00D12C92</key>
		<dict>
			<key>buildConfigurationList</key>
			<string>774D7FB91C44A44D00D12C92</string>
			<key>buildPhases</key>
			<array>
				<string>DA6E004324ED4F8A4E2A3406</string>
				<string>774D7F901C44A44D00D12C92</string>
				<string>774D7F911C44A44D00D12C92</string>
				<string>774D7F921C44A44D00D12C92</string>
				<string>0A03197933279ED15AFA96FD</string>
				<string>712BDF81D0AD7D7F8D5A2530</string>
			</array>
			<key>buildRules</key>
			<array/>
			<key>dependencies</key>
			<array/>
			<key>isa</key>
			<string>PBXNativeTarget</string>
			<key>name</key>
			<string>MeasureMe</string>
			<key>productName</key>
			<string>LoLdb</string>
			<key>productReference</key>
			<string>774D7F941C44A44D00D12C92</string>
			<key>productType</key>
			<string>com.apple.product-type.application</string>
		</dict>
		<key>774D7F941C44A44D00D12C92</key>
		<dict>
			<key>explicitFileType</key>
			<string>wrapper.application</string>
			<key>includeInIndex</key>
			<string>0</string>
			<key>isa</key>
			<string>PBXFileReference</string>
			<key>path</key>
			<string>MeasureMe.app</string>
			<key>sourceTree</key>
			<string>BUILT_PRODUCTS_DIR</string>
		</dict>
		<key>774D7F951C44A44D00D12C92</key>
		<dict>
			<key>children</key>
			<array>
				<string>774D7F941C44A44D00D12C92</string>
				<string>774D7FB01C44A44D00D12C92</string>
			</array>
			<key>isa</key>
			<string>PBXGroup</string>
			<key>name</key>
			<string>Products</string>
			<key>sourceTree</key>
			<string>&lt;group&gt;</string>
		</dict>
		<key>774D7F961C44A44D00D12C92</key>
		<dict>
			<key>children</key>
			<array>
				<string>774D7F9A1C44A44D00D12C92</string>
				<string>774D7F9B1C44A44D00D12C92</string>
				<string>7710C5E61C44A6B400019A19</string>
				<string>7710C5E71C44A6BC00019A19</string>
				<string>7710C5E81C44A6CD00019A19</string>
				<string>7710C60A1C45F10F00019A19</string>
				<string>774D7F971C44A44D00D12C92</string>
				<string>7710C6111C476D8200019A19</string>
				<string>774D7FA61C44A44D00D12C92</string>
				<string>774D7FA31C44A44D00D12C92</string>
				<string>771F879D1C999E8D00BB268B</string>
				<string>774D7FAB1C44A44D00D12C92</string>
			</array>
			<key>isa</key>
			<string>PBXGroup</string>
			<key>path</key>
			<string>MeasureMe</string>
			<key>sourceTree</key>
			<string>&lt;group&gt;</string>
		</dict>
		<key>774D7F971C44A44D00D12C92</key>
		<dict>
			<key>children</key>
			<array>
				<string>7710C6181C476DEA00019A19</string>
				<string>7710C6191C476DEA00019A19</string>
				<string>7710C5F41C45A3B500019A19</string>
				<string>7710C5F51C45A3B500019A19</string>
				<string>7710C5F21C45A36200019A19</string>
				<string>7710C6031C45EA2800019A19</string>
				<string>774D7F981C44A44D00D12C92</string>
			</array>
			<key>isa</key>
			<string>PBXGroup</string>
			<key>path</key>
			<string>Supporting Files</string>
			<key>sourceTree</key>
			<string>&lt;group&gt;</string>
		</dict>
		<key>774D7F981C44A44D00D12C92</key>
		<dict>
			<key>isa</key>
			<string>PBXFileReference</string>
			<key>lastKnownFileType</key>
			<string>sourcecode.c.objc</string>
			<key>path</key>
			<string>main.m</string>
			<key>sourceTree</key>
			<string>&lt;group&gt;</string>
		</dict>
		<key>774D7F991C44A44D00D12C92</key>
		<dict>
			<key>fileRef</key>
			<string>774D7F981C44A44D00D12C92</string>
			<key>isa</key>
			<string>PBXBuildFile</string>
		</dict>
		<key>774D7F9A1C44A44D00D12C92</key>
		<dict>
			<key>isa</key>
			<string>PBXFileReference</string>
			<key>lastKnownFileType</key>
			<string>sourcecode.c.h</string>
			<key>path</key>
			<string>AppDelegate.h</string>
			<key>sourceTree</key>
			<string>&lt;group&gt;</string>
		</dict>
		<key>774D7F9B1C44A44D00D12C92</key>
		<dict>
			<key>isa</key>
			<string>PBXFileReference</string>
			<key>lastKnownFileType</key>
			<string>sourcecode.c.objc</string>
			<key>path</key>
			<string>AppDelegate.m</string>
			<key>sourceTree</key>
			<string>&lt;group&gt;</string>
		</dict>
		<key>774D7F9C1C44A44D00D12C92</key>
		<dict>
			<key>fileRef</key>
			<string>774D7F9B1C44A44D00D12C92</string>
			<key>isa</key>
			<string>PBXBuildFile</string>
		</dict>
		<key>774D7FA31C44A44D00D12C92</key>
		<dict>
			<key>children</key>
			<array>
				<string>774D7FA41C44A44D00D12C92</string>
			</array>
			<key>isa</key>
			<string>PBXVariantGroup</string>
			<key>name</key>
			<string>Main.storyboard</string>
			<key>sourceTree</key>
			<string>&lt;group&gt;</string>
		</dict>
		<key>774D7FA41C44A44D00D12C92</key>
		<dict>
			<key>isa</key>
			<string>PBXFileReference</string>
			<key>lastKnownFileType</key>
			<string>file.storyboard</string>
			<key>name</key>
			<string>Base</string>
			<key>path</key>
			<string>Base.lproj/Main.storyboard</string>
			<key>sourceTree</key>
			<string>&lt;group&gt;</string>
		</dict>
		<key>774D7FA51C44A44D00D12C92</key>
		<dict>
			<key>fileRef</key>
			<string>774D7FA31C44A44D00D12C92</string>
			<key>isa</key>
			<string>PBXBuildFile</string>
		</dict>
		<key>774D7FA61C44A44D00D12C92</key>
		<dict>
			<key>isa</key>
			<string>PBXFileReference</string>
			<key>lastKnownFileType</key>
			<string>folder.assetcatalog</string>
			<key>path</key>
			<string>Assets.xcassets</string>
			<key>sourceTree</key>
			<string>&lt;group&gt;</string>
		</dict>
		<key>774D7FA71C44A44D00D12C92</key>
		<dict>
			<key>fileRef</key>
			<string>774D7FA61C44A44D00D12C92</string>
			<key>isa</key>
			<string>PBXBuildFile</string>
		</dict>
		<key>774D7FAB1C44A44D00D12C92</key>
		<dict>
			<key>isa</key>
			<string>PBXFileReference</string>
			<key>lastKnownFileType</key>
			<string>text.plist.xml</string>
			<key>path</key>
			<string>Info.plist</string>
			<key>sourceTree</key>
			<string>&lt;group&gt;</string>
		</dict>
		<key>774D7FAC1C44A44D00D12C92</key>
		<dict>
			<key>buildActionMask</key>
			<string>2147483647</string>
			<key>files</key>
			<array>
				<string>774D7FB51C44A44D00D12C92</string>
			</array>
			<key>isa</key>
			<string>PBXSourcesBuildPhase</string>
			<key>runOnlyForDeploymentPostprocessing</key>
			<string>0</string>
		</dict>
		<key>774D7FAD1C44A44D00D12C92</key>
		<dict>
			<key>buildActionMask</key>
			<string>2147483647</string>
			<key>files</key>
			<array/>
			<key>isa</key>
			<string>PBXFrameworksBuildPhase</string>
			<key>runOnlyForDeploymentPostprocessing</key>
			<string>0</string>
		</dict>
		<key>774D7FAE1C44A44D00D12C92</key>
		<dict>
			<key>buildActionMask</key>
			<string>2147483647</string>
			<key>files</key>
			<array/>
			<key>isa</key>
			<string>PBXResourcesBuildPhase</string>
			<key>runOnlyForDeploymentPostprocessing</key>
			<string>0</string>
		</dict>
		<key>774D7FAF1C44A44D00D12C92</key>
		<dict>
			<key>buildConfigurationList</key>
			<string>774D7FBC1C44A44D00D12C92</string>
			<key>buildPhases</key>
			<array>
				<string>774D7FAC1C44A44D00D12C92</string>
				<string>774D7FAD1C44A44D00D12C92</string>
				<string>774D7FAE1C44A44D00D12C92</string>
			</array>
			<key>buildRules</key>
			<array/>
			<key>dependencies</key>
			<array>
				<string>774D7FB21C44A44D00D12C92</string>
			</array>
			<key>isa</key>
			<string>PBXNativeTarget</string>
			<key>name</key>
			<string>MeasureMeTests</string>
			<key>productName</key>
			<string>LoLdbTests</string>
			<key>productReference</key>
			<string>774D7FB01C44A44D00D12C92</string>
			<key>productType</key>
			<string>com.apple.product-type.bundle.unit-test</string>
		</dict>
		<key>774D7FB01C44A44D00D12C92</key>
		<dict>
			<key>explicitFileType</key>
			<string>wrapper.cfbundle</string>
			<key>includeInIndex</key>
			<string>0</string>
			<key>isa</key>
			<string>PBXFileReference</string>
			<key>path</key>
			<string>MeasureMeTests.xctest</string>
			<key>sourceTree</key>
			<string>BUILT_PRODUCTS_DIR</string>
		</dict>
		<key>774D7FB11C44A44D00D12C92</key>
		<dict>
			<key>containerPortal</key>
			<string>774D7F8C1C44A44D00D12C92</string>
			<key>isa</key>
			<string>PBXContainerItemProxy</string>
			<key>proxyType</key>
			<string>1</string>
			<key>remoteGlobalIDString</key>
			<string>774D7F931C44A44D00D12C92</string>
			<key>remoteInfo</key>
			<string>LoLdb</string>
		</dict>
		<key>774D7FB21C44A44D00D12C92</key>
		<dict>
			<key>isa</key>
			<string>PBXTargetDependency</string>
			<key>target</key>
			<string>774D7F931C44A44D00D12C92</string>
			<key>targetProxy</key>
			<string>774D7FB11C44A44D00D12C92</string>
		</dict>
		<key>774D7FB31C44A44D00D12C92</key>
		<dict>
			<key>children</key>
			<array>
				<string>774D7FB41C44A44D00D12C92</string>
				<string>774D7FB61C44A44D00D12C92</string>
			</array>
			<key>isa</key>
			<string>PBXGroup</string>
			<key>path</key>
			<string>MeasureMeTests</string>
			<key>sourceTree</key>
			<string>&lt;group&gt;</string>
		</dict>
		<key>774D7FB41C44A44D00D12C92</key>
		<dict>
			<key>isa</key>
			<string>PBXFileReference</string>
			<key>lastKnownFileType</key>
			<string>sourcecode.c.objc</string>
			<key>path</key>
			<string>MeasureMeTests.m</string>
			<key>sourceTree</key>
			<string>&lt;group&gt;</string>
		</dict>
		<key>774D7FB51C44A44D00D12C92</key>
		<dict>
			<key>fileRef</key>
			<string>774D7FB41C44A44D00D12C92</string>
			<key>isa</key>
			<string>PBXBuildFile</string>
		</dict>
		<key>774D7FB61C44A44D00D12C92</key>
		<dict>
			<key>isa</key>
			<string>PBXFileReference</string>
			<key>lastKnownFileType</key>
			<string>text.plist.xml</string>
			<key>path</key>
			<string>Info.plist</string>
			<key>sourceTree</key>
			<string>&lt;group&gt;</string>
		</dict>
		<key>774D7FB71C44A44D00D12C92</key>
		<dict>
			<key>buildSettings</key>
			<dict>
				<key>ALWAYS_SEARCH_USER_PATHS</key>
				<string>NO</string>
				<key>CLANG_CXX_LANGUAGE_STANDARD</key>
				<string>gnu++0x</string>
				<key>CLANG_CXX_LIBRARY</key>
				<string>libc++</string>
				<key>CLANG_ENABLE_MODULES</key>
				<string>YES</string>
				<key>CLANG_ENABLE_OBJC_ARC</key>
				<string>YES</string>
				<key>CLANG_WARN_BOOL_CONVERSION</key>
				<string>YES</string>
				<key>CLANG_WARN_CONSTANT_CONVERSION</key>
				<string>YES</string>
				<key>CLANG_WARN_DIRECT_OBJC_ISA_USAGE</key>
				<string>YES_ERROR</string>
				<key>CLANG_WARN_EMPTY_BODY</key>
				<string>YES</string>
				<key>CLANG_WARN_ENUM_CONVERSION</key>
				<string>YES</string>
				<key>CLANG_WARN_INT_CONVERSION</key>
				<string>YES</string>
				<key>CLANG_WARN_OBJC_ROOT_CLASS</key>
				<string>YES_ERROR</string>
				<key>CLANG_WARN_UNREACHABLE_CODE</key>
				<string>YES</string>
				<key>CLANG_WARN__DUPLICATE_METHOD_MATCH</key>
				<string>YES</string>
				<key>CODE_SIGN_IDENTITY[sdk=iphoneos*]</key>
				<string>iPhone Developer</string>
				<key>COPY_PHASE_STRIP</key>
				<string>NO</string>
				<key>DEBUG_INFORMATION_FORMAT</key>
				<string>dwarf</string>
				<key>ENABLE_STRICT_OBJC_MSGSEND</key>
				<string>YES</string>
				<key>ENABLE_TESTABILITY</key>
				<string>YES</string>
				<key>GCC_C_LANGUAGE_STANDARD</key>
				<string>gnu99</string>
				<key>GCC_DYNAMIC_NO_PIC</key>
				<string>NO</string>
				<key>GCC_NO_COMMON_BLOCKS</key>
				<string>YES</string>
				<key>GCC_OPTIMIZATION_LEVEL</key>
				<string>0</string>
				<key>GCC_PREPROCESSOR_DEFINITIONS</key>
				<array>
					<string>DEBUG=1</string>
					<string>$(inherited)</string>
				</array>
				<key>GCC_WARN_64_TO_32_BIT_CONVERSION</key>
				<string>YES</string>
				<key>GCC_WARN_ABOUT_RETURN_TYPE</key>
				<string>YES_ERROR</string>
				<key>GCC_WARN_UNDECLARED_SELECTOR</key>
				<string>YES</string>
				<key>GCC_WARN_UNINITIALIZED_AUTOS</key>
				<string>YES_AGGRESSIVE</string>
				<key>GCC_WARN_UNUSED_FUNCTION</key>
				<string>YES</string>
				<key>GCC_WARN_UNUSED_VARIABLE</key>
				<string>YES</string>
				<key>IPHONEOS_DEPLOYMENT_TARGET</key>
				<string>9.2</string>
				<key>MTL_ENABLE_DEBUG_INFO</key>
				<string>YES</string>
				<key>ONLY_ACTIVE_ARCH</key>
				<string>YES</string>
				<key>SDKROOT</key>
				<string>iphoneos</string>
			</dict>
			<key>isa</key>
			<string>XCBuildConfiguration</string>
			<key>name</key>
			<string>Debug</string>
		</dict>
		<key>774D7FB81C44A44D00D12C92</key>
		<dict>
			<key>buildSettings</key>
			<dict>
				<key>ALWAYS_SEARCH_USER_PATHS</key>
				<string>NO</string>
				<key>CLANG_CXX_LANGUAGE_STANDARD</key>
				<string>gnu++0x</string>
				<key>CLANG_CXX_LIBRARY</key>
				<string>libc++</string>
				<key>CLANG_ENABLE_MODULES</key>
				<string>YES</string>
				<key>CLANG_ENABLE_OBJC_ARC</key>
				<string>YES</string>
				<key>CLANG_WARN_BOOL_CONVERSION</key>
				<string>YES</string>
				<key>CLANG_WARN_CONSTANT_CONVERSION</key>
				<string>YES</string>
				<key>CLANG_WARN_DIRECT_OBJC_ISA_USAGE</key>
				<string>YES_ERROR</string>
				<key>CLANG_WARN_EMPTY_BODY</key>
				<string>YES</string>
				<key>CLANG_WARN_ENUM_CONVERSION</key>
				<string>YES</string>
				<key>CLANG_WARN_INT_CONVERSION</key>
				<string>YES</string>
				<key>CLANG_WARN_OBJC_ROOT_CLASS</key>
				<string>YES_ERROR</string>
				<key>CLANG_WARN_UNREACHABLE_CODE</key>
				<string>YES</string>
				<key>CLANG_WARN__DUPLICATE_METHOD_MATCH</key>
				<string>YES</string>
				<key>CODE_SIGN_IDENTITY[sdk=iphoneos*]</key>
				<string>iPhone Developer</string>
				<key>COPY_PHASE_STRIP</key>
				<string>NO</string>
				<key>DEBUG_INFORMATION_FORMAT</key>
				<string>dwarf-with-dsym</string>
				<key>ENABLE_NS_ASSERTIONS</key>
				<string>NO</string>
				<key>ENABLE_STRICT_OBJC_MSGSEND</key>
				<string>YES</string>
				<key>GCC_C_LANGUAGE_STANDARD</key>
				<string>gnu99</string>
				<key>GCC_NO_COMMON_BLOCKS</key>
				<string>YES</string>
				<key>GCC_WARN_64_TO_32_BIT_CONVERSION</key>
				<string>YES</string>
				<key>GCC_WARN_ABOUT_RETURN_TYPE</key>
				<string>YES_ERROR</string>
				<key>GCC_WARN_UNDECLARED_SELECTOR</key>
				<string>YES</string>
				<key>GCC_WARN_UNINITIALIZED_AUTOS</key>
				<string>YES_AGGRESSIVE</string>
				<key>GCC_WARN_UNUSED_FUNCTION</key>
				<string>YES</string>
				<key>GCC_WARN_UNUSED_VARIABLE</key>
				<string>YES</string>
				<key>IPHONEOS_DEPLOYMENT_TARGET</key>
				<string>9.2</string>
				<key>MTL_ENABLE_DEBUG_INFO</key>
				<string>NO</string>
				<key>SDKROOT</key>
				<string>iphoneos</string>
				<key>VALIDATE_PRODUCT</key>
				<string>YES</string>
			</dict>
			<key>isa</key>
			<string>XCBuildConfiguration</string>
			<key>name</key>
			<string>Release</string>
		</dict>
		<key>774D7FB91C44A44D00D12C92</key>
		<dict>
			<key>buildConfigurations</key>
			<array>
				<string>774D7FBA1C44A44D00D12C92</string>
				<string>774D7FBB1C44A44D00D12C92</string>
			</array>
			<key>defaultConfigurationIsVisible</key>
			<string>0</string>
			<key>defaultConfigurationName</key>
			<string>Release</string>
			<key>isa</key>
			<string>XCConfigurationList</string>
		</dict>
		<key>774D7FBA1C44A44D00D12C92</key>
		<dict>
			<key>baseConfigurationReference</key>
			<string>22BF2E1A3B2B63A98AABE1DA</string>
			<key>buildSettings</key>
			<dict>
				<key>ASSETCATALOG_COMPILER_APPICON_NAME</key>
				<string>AppIcon</string>
				<key>ASSETCATALOG_COMPILER_LAUNCHIMAGE_NAME</key>
				<string>LaunchImage</string>
				<key>CODE_SIGN_IDENTITY</key>
				<string>iPhone Developer</string>
				<key>CODE_SIGN_IDENTITY[sdk=iphoneos*]</key>
				<string>iPhone Developer</string>
				<key>GCC_PRECOMPILE_PREFIX_HEADER</key>
				<string>YES</string>
				<key>GCC_PREFIX_HEADER</key>
				<string>MeasureMe/Supporting Files/MeasureMe-Prefix.pch</string>
				<key>GCC_PREPROCESSOR_DEFINITIONS</key>
				<array>
					<string>$(inherited)</string>
					<string>COCOAPODS=1</string>
					<string>ENV_PRODUCTION=0</string>
					<string>ENV_DEVELOPMENT=1</string>
				</array>
				<key>INFOPLIST_FILE</key>
				<string>MeasureMe/Info.plist</string>
				<key>IPHONEOS_DEPLOYMENT_TARGET</key>
				<string>9.0</string>
				<key>LD_RUNPATH_SEARCH_PATHS</key>
				<string>$(inherited) @executable_path/Frameworks</string>
				<key>PODS_FRAMEWORK_BUILD_PATH</key>
				<string>$(BUILD_DIR)/$(CONFIGURATION)$(EFFECTIVE_PLATFORM_NAME)/Pods-MeasureMe</string>
				<key>PRODUCT_BUNDLE_IDENTIFIER</key>
				<string>com.navidmia.MeasureMe</string>
				<key>PRODUCT_NAME</key>
				<string>$(TARGET_NAME)</string>
				<key>PROVISIONING_PROFILE</key>
				<string></string>
			</dict>
			<key>isa</key>
			<string>XCBuildConfiguration</string>
			<key>name</key>
			<string>Debug</string>
		</dict>
		<key>774D7FBB1C44A44D00D12C92</key>
		<dict>
			<key>baseConfigurationReference</key>
			<string>EF613F8A07B58BEB9671A41A</string>
			<key>buildSettings</key>
			<dict>
				<key>ASSETCATALOG_COMPILER_APPICON_NAME</key>
				<string>AppIcon</string>
				<key>ASSETCATALOG_COMPILER_LAUNCHIMAGE_NAME</key>
				<string>LaunchImage</string>
				<key>CODE_SIGN_IDENTITY</key>
				<string>iPhone Developer</string>
				<key>CODE_SIGN_IDENTITY[sdk=iphoneos*]</key>
				<string>iPhone Developer</string>
				<key>GCC_PRECOMPILE_PREFIX_HEADER</key>
				<string>YES</string>
				<key>GCC_PREFIX_HEADER</key>
				<string>MeasureMe/Supporting Files/MeasureMe-Prefix.pch</string>
				<key>GCC_PREPROCESSOR_DEFINITIONS</key>
				<array>
					<string>$(inherited)</string>
					<string>COCOAPODS=1</string>
					<string>ENV_PRODUCTION=1</string>
					<string>ENV_DEVELOPMENT=0</string>
				</array>
				<key>INFOPLIST_FILE</key>
				<string>MeasureMe/Info.plist</string>
				<key>IPHONEOS_DEPLOYMENT_TARGET</key>
				<string>9.0</string>
				<key>LD_RUNPATH_SEARCH_PATHS</key>
				<string>$(inherited) @executable_path/Frameworks</string>
				<key>PODS_FRAMEWORK_BUILD_PATH</key>
				<string>$(BUILD_DIR)/$(CONFIGURATION)$(EFFECTIVE_PLATFORM_NAME)/Pods-MeasureMe</string>
				<key>PRODUCT_BUNDLE_IDENTIFIER</key>
				<string>com.navidmia.MeasureMe</string>
				<key>PRODUCT_NAME</key>
				<string>$(TARGET_NAME)</string>
				<key>PROVISIONING_PROFILE</key>
				<string></string>
			</dict>
			<key>isa</key>
			<string>XCBuildConfiguration</string>
			<key>name</key>
			<string>Release</string>
		</dict>
		<key>774D7FBC1C44A44D00D12C92</key>
		<dict>
			<key>buildConfigurations</key>
			<array>
				<string>774D7FBD1C44A44D00D12C92</string>
				<string>774D7FBE1C44A44D00D12C92</string>
			</array>
			<key>defaultConfigurationIsVisible</key>
			<string>0</string>
			<key>defaultConfigurationName</key>
			<string>Release</string>
			<key>isa</key>
			<string>XCConfigurationList</string>
		</dict>
		<key>774D7FBD1C44A44D00D12C92</key>
		<dict>
			<key>buildSettings</key>
			<dict>
				<key>BUNDLE_LOADER</key>
				<string>$(TEST_HOST)</string>
				<key>INFOPLIST_FILE</key>
				<string>LoLdbTests/Info.plist</string>
				<key>LD_RUNPATH_SEARCH_PATHS</key>
				<string>$(inherited) @executable_path/Frameworks @loader_path/Frameworks</string>
				<key>PRODUCT_BUNDLE_IDENTIFIER</key>
				<string>com.navidmia.LoLdbTests</string>
				<key>PRODUCT_NAME</key>
				<string>$(TARGET_NAME)</string>
				<key>TEST_HOST</key>
				<string>$(BUILT_PRODUCTS_DIR)/LoLdb.app/LoLdb</string>
			</dict>
			<key>isa</key>
			<string>XCBuildConfiguration</string>
			<key>name</key>
			<string>Debug</string>
		</dict>
		<key>774D7FBE1C44A44D00D12C92</key>
		<dict>
			<key>buildSettings</key>
			<dict>
				<key>BUNDLE_LOADER</key>
				<string>$(TEST_HOST)</string>
				<key>INFOPLIST_FILE</key>
				<string>LoLdbTests/Info.plist</string>
				<key>LD_RUNPATH_SEARCH_PATHS</key>
				<string>$(inherited) @executable_path/Frameworks @loader_path/Frameworks</string>
				<key>PRODUCT_BUNDLE_IDENTIFIER</key>
				<string>com.navidmia.LoLdbTests</string>
				<key>PRODUCT_NAME</key>
				<string>$(TARGET_NAME)</string>
				<key>TEST_HOST</key>
				<string>$(BUILT_PRODUCTS_DIR)/LoLdb.app/LoLdb</string>
			</dict>
			<key>isa</key>
			<string>XCBuildConfiguration</string>
			<key>name</key>
			<string>Release</string>
		</dict>
		<key>774D7FBF1C44A47900D12C92</key>
		<dict>
			<key>fileEncoding</key>
			<string>4</string>
			<key>isa</key>
			<string>PBXFileReference</string>
			<key>lastKnownFileType</key>
			<string>text</string>
			<key>path</key>
			<string>Podfile</string>
			<key>sourceTree</key>
			<string>&lt;group&gt;</string>
			<key>xcLanguageSpecificationIdentifier</key>
			<string>xcode.lang.ruby</string>
		</dict>
		<key>774D7FC01C44A47900D12C92</key>
		<dict>
			<key>fileRef</key>
			<string>774D7FBF1C44A47900D12C92</string>
			<key>isa</key>
			<string>PBXBuildFile</string>
		</dict>
		<key>88CF0371F192F7C2779EE844</key>
		<dict>
			<key>fileRef</key>
			<string>D2E76CF89D38CCEF161CC829</string>
			<key>isa</key>
			<string>PBXBuildFile</string>
		</dict>
		<key>A4F1DDAB5E769354078C88D2</key>
		<dict>
			<key>children</key>
			<array>
				<string>D2E76CF89D38CCEF161CC829</string>
			</array>
			<key>isa</key>
			<string>PBXGroup</string>
			<key>name</key>
			<string>Frameworks</string>
			<key>sourceTree</key>
			<string>&lt;group&gt;</string>
		</dict>
		<key>D2E76CF89D38CCEF161CC829</key>
		<dict>
			<key>explicitFileType</key>
			<string>wrapper.framework</string>
			<key>includeInIndex</key>
			<string>0</string>
			<key>isa</key>
			<string>PBXFileReference</string>
			<key>path</key>
			<string>Pods_MeasureMe.framework</string>
			<key>sourceTree</key>
			<string>BUILT_PRODUCTS_DIR</string>
		</dict>
		<key>D4D8319E4DAC8820C4F79D15</key>
		<dict>
			<key>children</key>
			<array>
				<string>22BF2E1A3B2B63A98AABE1DA</string>
				<string>EF613F8A07B58BEB9671A41A</string>
			</array>
			<key>isa</key>
			<string>PBXGroup</string>
			<key>name</key>
			<string>Pods</string>
			<key>sourceTree</key>
			<string>&lt;group&gt;</string>
		</dict>
		<key>DA6E004324ED4F8A4E2A3406</key>
		<dict>
			<key>buildActionMask</key>
			<string>2147483647</string>
			<key>files</key>
			<array/>
			<key>inputPaths</key>
			<array/>
			<key>isa</key>
			<string>PBXShellScriptBuildPhase</string>
			<key>name</key>
			<string>Check Pods Manifest.lock</string>
			<key>outputPaths</key>
			<array/>
			<key>runOnlyForDeploymentPostprocessing</key>
			<string>0</string>
			<key>shellPath</key>
			<string>/bin/sh</string>
			<key>shellScript</key>
			<string>diff "${PODS_ROOT}/../Podfile.lock" "${PODS_ROOT}/Manifest.lock" &gt; /dev/null
if [[ $? != 0 ]] ; then
    cat &lt;&lt; EOM
error: The sandbox is not in sync with the Podfile.lock. Run 'pod install' or update your CocoaPods installation.
EOM
    exit 1
fi
</string>
			<key>showEnvVarsInLog</key>
			<string>0</string>
		</dict>
		<key>EF613F8A07B58BEB9671A41A</key>
		<dict>
			<key>includeInIndex</key>
			<string>1</string>
			<key>isa</key>
			<string>PBXFileReference</string>
			<key>lastKnownFileType</key>
			<string>text.xcconfig</string>
			<key>name</key>
			<string>Pods-MeasureMe.release.xcconfig</string>
			<key>path</key>
			<string>Pods/Target Support Files/Pods-MeasureMe/Pods-MeasureMe.release.xcconfig</string>
			<key>sourceTree</key>
			<string>&lt;group&gt;</string>
		</dict>
	</dict>
	<key>rootObject</key>
	<string>774D7F8C1C44A44D00D12C92</string>
</dict>
</plist>
